
Microsoft Visual Studio Solution File, Format Version 12.00
# Visual Studio Version 17
VisualStudioVersion = 17.7.34031.279
MinimumVisualStudioVersion = 10.0.40219.1
Project("{9A19103F-16F7-4668-BE54-9A1E7A4F7556}") = "NoteApp", "NoteApp\NoteApp.csproj", "{BE03F822-C3C7-49C9-BF04-38EA60EE81F4}"
EndProject
Project("{FAE04EC0-301F-11D3-BF4B-00C04F79EFBC}") = "NoteApp.UnitTests", "NoteApp.Tests\NoteApp.UnitTests.csproj", "{8FF2F411-05A6-4957-AA83-B8AA866547CA}"
EndProject
Project("{FAE04EC0-301F-11D3-BF4B-00C04F79EFBC}") = "NoteApp.IntergrationTests", "NoteApp.IntergrationTests\NoteApp.IntergrationTests.csproj", "{9B748445-D789-4EA9-8F07-E4C8B031D86F}"
EndProject
Global
	GlobalSection(SolutionConfigurationPlatforms) = preSolution
		Debug|Any CPU = Debug|Any CPU
		Release|Any CPU = Release|Any CPU
	EndGlobalSection
	GlobalSection(ProjectConfigurationPlatforms) = postSolution
		{BE03F822-C3C7-49C9-BF04-38EA60EE81F4}.Debug|Any CPU.ActiveCfg = Debug|Any CPU
		{BE03F822-C3C7-49C9-BF04-38EA60EE81F4}.Debug|Any CPU.Build.0 = Debug|Any CPU
		{BE03F822-C3C7-49C9-BF04-38EA60EE81F4}.Release|Any CPU.ActiveCfg = Release|Any CPU
		{BE03F822-C3C7-49C9-BF04-38EA60EE81F4}.Release|Any CPU.Build.0 = Release|Any CPU
		{8FF2F411-05A6-4957-AA83-B8AA866547CA}.Debug|Any CPU.ActiveCfg = Debug|Any CPU
		{8FF2F411-05A6-4957-AA83-B8AA866547CA}.Debug|Any CPU.Build.0 = Debug|Any CPU
		{8FF2F411-05A6-4957-AA83-B8AA866547CA}.Release|Any CPU.ActiveCfg = Release|Any CPU
		{8FF2F411-05A6-4957-AA83-B8AA866547CA}.Release|Any CPU.Build.0 = Release|Any CPU
		{9B748445-D789-4EA9-8F07-E4C8B031D86F}.Debug|Any CPU.ActiveCfg = Debug|Any CPU
		{9B748445-D789-4EA9-8F07-E4C8B031D86F}.Debug|Any CPU.Build.0 = Debug|Any CPU
		{9B748445-D789-4EA9-8F07-E4C8B031D86F}.Release|Any CPU.ActiveCfg = Release|Any CPU
		{9B748445-D789-4EA9-8F07-E4C8B031D86F}.Release|Any CPU.Build.0 = Release|Any CPU
	EndGlobalSection
	GlobalSection(SolutionProperties) = preSolution
		HideSolutionNode = FALSE
	EndGlobalSection
	GlobalSection(ExtensibilityGlobals) = postSolution
		SolutionGuid = {21D2441C-4B2C-44B9-94CD-3EA68A5074C0}
	EndGlobalSection
EndGlobal
